<?xml version="1.0" encoding="utf-8"?>
<Project ToolsVersion="4.0" xmlns="http://schemas.microsoft.com/developer/msbuild/2003">
  <ItemGroup>
    <Filter Include="GE_Test">
      <UniqueIdentifier>{F04E0105-5C2E-80A0-6546-0B77D1A4E601}</UniqueIdentifier>
    </Filter>
    <Filter Include="GE_Test\Events">
      <UniqueIdentifier>{D4CCEA91-C09A-DE97-A92E-4FBE959BBAFC}</UniqueIdentifier>
    </Filter>
    <Filter Include="GE_Test\imgui">
      <UniqueIdentifier>{5AD028E0-C690-A416-8FCB-ED93FB4AE9F2}</UniqueIdentifier>
    </Filter>
    <Filter Include="Platform">
      <UniqueIdentifier>{2AC788B4-1694-E3BF-3FAD-D1672BD9184E}</UniqueIdentifier>
    </Filter>
    <Filter Include="Platform\OpenGL">
      <UniqueIdentifier>{1E7D2C1D-8A08-9AE1-9319-1DD6FF23F6E1}</UniqueIdentifier>
    </Filter>
    <Filter Include="Platform\Windows">
      <UniqueIdentifier>{64FBD71A-50F4-F66C-7926-DCF1657ED678}</UniqueIdentifier>
    </Filter>
  </ItemGroup>
  <ItemGroup>
    <ClInclude Include="src\GE_Test.h" />
    <ClInclude Include="src\GE_Test\Application.h">
      <Filter>GE_Test</Filter>
    </ClInclude>
    <ClInclude Include="src\GE_Test\Core.h">
      <Filter>GE_Test</Filter>
    </ClInclude>
    <ClInclude Include="src\GE_Test\EntryPoint.h">
      <Filter>GE_Test</Filter>
    </ClInclude>
    <ClInclude Include="src\GE_Test\Events\ApplicationEvent.h">
      <Filter>GE_Test\Events</Filter>
    </ClInclude>
    <ClInclude Include="src\GE_Test\Events\Event.h">
      <Filter>GE_Test\Events</Filter>
    </ClInclude>
    <ClInclude Include="src\GE_Test\Events\KeyEvent.h">
      <Filter>GE_Test\Events</Filter>
    </ClInclude>
    <ClInclude Include="src\GE_Test\Events\MouseEvent.h">
      <Filter>GE_Test\Events</Filter>
    </ClInclude>
    <ClInclude Include="src\GE_Test\Layer.h">
      <Filter>GE_Test</Filter>
    </ClInclude>
    <ClInclude Include="src\GE_Test\LayerStack.h">
      <Filter>GE_Test</Filter>
    </ClInclude>
    <ClInclude Include="src\GE_Test\Log.h">
      <Filter>GE_Test</Filter>
    </ClInclude>
    <ClInclude Include="src\GE_Test\Window.h">
      <Filter>GE_Test</Filter>
    </ClInclude>
    <ClInclude Include="src\GE_Test\imgui\imguiLayer.h">
      <Filter>GE_Test\imgui</Filter>
    </ClInclude>
    <ClInclude Include="src\Platform\OpenGL\imguiOpenGLRenderer.h">
      <Filter>Platform\OpenGL</Filter>
    </ClInclude>
    <ClInclude Include="src\Platform\OpenGL\imgui_impl_glfw.h">
      <Filter>Platform\OpenGL</Filter>
    </ClInclude>
    <ClInclude Include="src\Platform\Windows\WindowsWindow.h">
      <Filter>Platform\Windows</Filter>
    </ClInclude>
    <ClInclude Include="src\getpch.h" />
  </ItemGroup>
  <ItemGroup>
    <ClCompile Include="src\GE_Test\Application.cpp">
      <Filter>GE_Test</Filter>
    </ClCompile>
    <ClCompile Include="src\GE_Test\Layer.cpp">
      <Filter>GE_Test</Filter>
    </ClCompile>
    <ClCompile Include="src\GE_Test\LayerStack.cpp">
      <Filter>GE_Test</Filter>
    </ClCompile>
    <ClCompile Include="src\GE_Test\Log.cpp">
      <Filter>GE_Test</Filter>
    </ClCompile>
    <ClCompile Include="src\GE_Test\imgui\imguiLayer.cpp">
      <Filter>GE_Test\imgui</Filter>
    </ClCompile>
    <ClCompile Include="src\Platform\OpenGL\imguiOpenGLRenderer.cpp">
      <Filter>Platform\OpenGL</Filter>
    </ClCompile>
    <ClCompile Include="src\Platform\OpenGL\imgui_impl_glfw.cpp">
      <Filter>Platform\OpenGL</Filter>
    </ClCompile>
    <ClCompile Include="src\Platform\Windows\WindowsWindow.cpp">
      <Filter>Platform\Windows</Filter>
    </ClCompile>
    <ClCompile Include="src\getpch.cpp" />
  </ItemGroup>
</Project>